
Microsoft Visual Studio Solution File, Format Version 11.00
# Visual Studio 2010
Project("{FAE04EC0-301F-11D3-BF4B-00C04F79EFBC}") = "SC.YesMail._Test", "SC.YesMail._Test\SC.YesMail._Test.csproj", "{B6622E22-E6F0-4717-ADDF-0B90076F7B8D}"
EndProject
Project("{FAE04EC0-301F-11D3-BF4B-00C04F79EFBC}") = "SC.YesMail", "SC.YesMail\SC.YesMail.csproj", "{B801ED42-6BDA-4A34-A8CC-E9C3A30A92C5}"
EndProject
Project("{FAE04EC0-301F-11D3-BF4B-00C04F79EFBC}") = "SC.YesMail.Direct", "SC.YesMail.Direct\SC.YesMail.Direct.csproj", "{8FA77259-DE59-4301-A297-E5318DD0D3A5}"
EndProject
Project("{FAE04EC0-301F-11D3-BF4B-00C04F79EFBC}") = "SC.YesMailAdapter", "SC.YesMailAdapter\SC.YesMailAdapter.csproj", "{661564D7-1BDC-4F36-BAF5-FD4E358007C2}"
EndProject
Project("{FAE04EC0-301F-11D3-BF4B-00C04F79EFBC}") = "SoftwareSingularity.YesMailClient", "SoftwareSingularity.YesMailClient\SoftwareSingularity.YesMailClient.csproj", "{F7C46173-B981-495C-A599-97E80AD169C7}"
EndProject
Project("{FAE04EC0-301F-11D3-BF4B-00C04F79EFBC}") = "SC.YesmailAdapter._Test", "SC.YesmailAdapter._Test\SC.YesmailAdapter._Test.csproj", "{810B6628-9855-4BD4-B194-BBC64C9211D2}"
EndProject
Global
	GlobalSection(SolutionConfigurationPlatforms) = preSolution
		Debug|Any CPU = Debug|Any CPU
		Debug|Mixed Platforms = Debug|Mixed Platforms
		Debug|x86 = Debug|x86
		Release|Any CPU = Release|Any CPU
		Release|Mixed Platforms = Release|Mixed Platforms
		Release|x86 = Release|x86
	EndGlobalSection
	GlobalSection(ProjectConfigurationPlatforms) = postSolution
		{B6622E22-E6F0-4717-ADDF-0B90076F7B8D}.Debug|Any CPU.ActiveCfg = Debug|Any CPU
		{B6622E22-E6F0-4717-ADDF-0B90076F7B8D}.Debug|Any CPU.Build.0 = Debug|Any CPU
		{B6622E22-E6F0-4717-ADDF-0B90076F7B8D}.Debug|Mixed Platforms.ActiveCfg = Debug|Any CPU
		{B6622E22-E6F0-4717-ADDF-0B90076F7B8D}.Debug|Mixed Platforms.Build.0 = Debug|Any CPU
		{B6622E22-E6F0-4717-ADDF-0B90076F7B8D}.Debug|x86.ActiveCfg = Debug|Any CPU
		{B6622E22-E6F0-4717-ADDF-0B90076F7B8D}.Release|Any CPU.ActiveCfg = Release|Any CPU
		{B6622E22-E6F0-4717-ADDF-0B90076F7B8D}.Release|Any CPU.Build.0 = Release|Any CPU
		{B6622E22-E6F0-4717-ADDF-0B90076F7B8D}.Release|Mixed Platforms.ActiveCfg = Release|Any CPU
		{B6622E22-E6F0-4717-ADDF-0B90076F7B8D}.Release|Mixed Platforms.Build.0 = Release|Any CPU
		{B6622E22-E6F0-4717-ADDF-0B90076F7B8D}.Release|x86.ActiveCfg = Release|Any CPU
		{B801ED42-6BDA-4A34-A8CC-E9C3A30A92C5}.Debug|Any CPU.ActiveCfg = Debug|Any CPU
		{B801ED42-6BDA-4A34-A8CC-E9C3A30A92C5}.Debug|Any CPU.Build.0 = Debug|Any CPU
		{B801ED42-6BDA-4A34-A8CC-E9C3A30A92C5}.Debug|Mixed Platforms.ActiveCfg = Debug|Any CPU
		{B801ED42-6BDA-4A34-A8CC-E9C3A30A92C5}.Debug|Mixed Platforms.Build.0 = Debug|Any CPU
		{B801ED42-6BDA-4A34-A8CC-E9C3A30A92C5}.Debug|x86.ActiveCfg = Debug|Any CPU
		{B801ED42-6BDA-4A34-A8CC-E9C3A30A92C5}.Release|Any CPU.ActiveCfg = Release|Any CPU
		{B801ED42-6BDA-4A34-A8CC-E9C3A30A92C5}.Release|Any CPU.Build.0 = Release|Any CPU
		{B801ED42-6BDA-4A34-A8CC-E9C3A30A92C5}.Release|Mixed Platforms.ActiveCfg = Release|Any CPU
		{B801ED42-6BDA-4A34-A8CC-E9C3A30A92C5}.Release|Mixed Platforms.Build.0 = Release|Any CPU
		{B801ED42-6BDA-4A34-A8CC-E9C3A30A92C5}.Release|x86.ActiveCfg = Release|Any CPU
		{8FA77259-DE59-4301-A297-E5318DD0D3A5}.Debug|Any CPU.ActiveCfg = Debug|Any CPU
		{8FA77259-DE59-4301-A297-E5318DD0D3A5}.Debug|Any CPU.Build.0 = Debug|Any CPU
		{8FA77259-DE59-4301-A297-E5318DD0D3A5}.Debug|Mixed Platforms.ActiveCfg = Debug|Any CPU
		{8FA77259-DE59-4301-A297-E5318DD0D3A5}.Debug|Mixed Platforms.Build.0 = Debug|Any CPU
		{8FA77259-DE59-4301-A297-E5318DD0D3A5}.Debug|x86.ActiveCfg = Debug|Any CPU
		{8FA77259-DE59-4301-A297-E5318DD0D3A5}.Release|Any CPU.ActiveCfg = Release|Any CPU
		{8FA77259-DE59-4301-A297-E5318DD0D3A5}.Release|Any CPU.Build.0 = Release|Any CPU
		{8FA77259-DE59-4301-A297-E5318DD0D3A5}.Release|Mixed Platforms.ActiveCfg = Release|Any CPU
		{8FA77259-DE59-4301-A297-E5318DD0D3A5}.Release|Mixed Platforms.Build.0 = Release|Any CPU
		{8FA77259-DE59-4301-A297-E5318DD0D3A5}.Release|x86.ActiveCfg = Release|Any CPU
		{661564D7-1BDC-4F36-BAF5-FD4E358007C2}.Debug|Any CPU.ActiveCfg = Debug|Any CPU
		{661564D7-1BDC-4F36-BAF5-FD4E358007C2}.Debug|Any CPU.Build.0 = Debug|Any CPU
		{661564D7-1BDC-4F36-BAF5-FD4E358007C2}.Debug|Mixed Platforms.ActiveCfg = Debug|Any CPU
		{661564D7-1BDC-4F36-BAF5-FD4E358007C2}.Debug|Mixed Platforms.Build.0 = Debug|Any CPU
		{661564D7-1BDC-4F36-BAF5-FD4E358007C2}.Debug|x86.ActiveCfg = Debug|Any CPU
		{661564D7-1BDC-4F36-BAF5-FD4E358007C2}.Release|Any CPU.ActiveCfg = Release|Any CPU
		{661564D7-1BDC-4F36-BAF5-FD4E358007C2}.Release|Any CPU.Build.0 = Release|Any CPU
		{661564D7-1BDC-4F36-BAF5-FD4E358007C2}.Release|Mixed Platforms.ActiveCfg = Release|Any CPU
		{661564D7-1BDC-4F36-BAF5-FD4E358007C2}.Release|Mixed Platforms.Build.0 = Release|Any CPU
		{661564D7-1BDC-4F36-BAF5-FD4E358007C2}.Release|x86.ActiveCfg = Release|Any CPU
		{F7C46173-B981-495C-A599-97E80AD169C7}.Debug|Any CPU.ActiveCfg = Debug|Any CPU
		{F7C46173-B981-495C-A599-97E80AD169C7}.Debug|Any CPU.Build.0 = Debug|Any CPU
		{F7C46173-B981-495C-A599-97E80AD169C7}.Debug|Mixed Platforms.ActiveCfg = Debug|Any CPU
		{F7C46173-B981-495C-A599-97E80AD169C7}.Debug|Mixed Platforms.Build.0 = Debug|Any CPU
		{F7C46173-B981-495C-A599-97E80AD169C7}.Debug|x86.ActiveCfg = Debug|Any CPU
		{F7C46173-B981-495C-A599-97E80AD169C7}.Release|Any CPU.ActiveCfg = Release|Any CPU
		{F7C46173-B981-495C-A599-97E80AD169C7}.Release|Any CPU.Build.0 = Release|Any CPU
		{F7C46173-B981-495C-A599-97E80AD169C7}.Release|Mixed Platforms.ActiveCfg = Release|Any CPU
		{F7C46173-B981-495C-A599-97E80AD169C7}.Release|Mixed Platforms.Build.0 = Release|Any CPU
		{F7C46173-B981-495C-A599-97E80AD169C7}.Release|x86.ActiveCfg = Release|Any CPU
		{810B6628-9855-4BD4-B194-BBC64C9211D2}.Debug|Any CPU.ActiveCfg = Debug|Any CPU
		{810B6628-9855-4BD4-B194-BBC64C9211D2}.Debug|Any CPU.Build.0 = Debug|Any CPU
		{810B6628-9855-4BD4-B194-BBC64C9211D2}.Debug|Mixed Platforms.ActiveCfg = Debug|Any CPU
		{810B6628-9855-4BD4-B194-BBC64C9211D2}.Debug|Mixed Platforms.Build.0 = Debug|Any CPU
		{810B6628-9855-4BD4-B194-BBC64C9211D2}.Debug|x86.ActiveCfg = Debug|Any CPU
		{810B6628-9855-4BD4-B194-BBC64C9211D2}.Release|Any CPU.ActiveCfg = Release|Any CPU
		{810B6628-9855-4BD4-B194-BBC64C9211D2}.Release|Any CPU.Build.0 = Release|Any CPU
		{810B6628-9855-4BD4-B194-BBC64C9211D2}.Release|Mixed Platforms.ActiveCfg = Release|Any CPU
		{810B6628-9855-4BD4-B194-BBC64C9211D2}.Release|Mixed Platforms.Build.0 = Release|Any CPU
		{810B6628-9855-4BD4-B194-BBC64C9211D2}.Release|x86.ActiveCfg = Release|Any CPU
	EndGlobalSection
	GlobalSection(SolutionProperties) = preSolution
		HideSolutionNode = FALSE
	EndGlobalSection
EndGlobal
